{
  "version": 4,
  "terraform_version": "1.11.3",
  "serial": 465,
  "lineage": "cfa1c049-0ade-dc1f-8c50-920fb2b7060f",
  "outputs": {},
  "resources": [
    {
      "mode": "managed",
      "type": "aws_autoscaling_group",
      "name": "ASG01",
      "provider": "provider[\"registry.terraform.io/hashicorp/aws\"]",
      "instances": [
        {
          "schema_version": 0,
          "attributes": {
            "arn": "arn:aws:autoscaling:us-east-1:866340886126:autoScalingGroup:eebdd893-20fc-41f9-a8ef-4ff7f70b640d:autoScalingGroupName/ASG01",
            "availability_zones": [
              "us-east-1a",
              "us-east-1b",
              "us-east-1c"
            ],
            "capacity_rebalance": false,
            "default_cooldown": 300,
            "desired_capacity": 3,
            "enabled_metrics": [
              "GroupDesiredCapacity",
              "GroupInServiceInstances",
              "GroupMaxSize",
              "GroupMinSize",
              "GroupTotalInstances"
            ],
            "force_delete": true,
            "force_delete_warm_pool": false,
            "health_check_grace_period": 300,
            "health_check_type": "ELB",
            "id": "ASG01",
            "initial_lifecycle_hook": [
              {
                "default_result": "CONTINUE",
                "heartbeat_timeout": 300,
                "lifecycle_transition": "autoscaling:EC2_INSTANCE_TERMINATING",
                "name": "scale-in-protection",
                "notification_metadata": "",
                "notification_target_arn": "",
                "role_arn": ""
              },
              {
                "default_result": "CONTINUE",
                "heartbeat_timeout": 60,
                "lifecycle_transition": "autoscaling:EC2_INSTANCE_LAUNCHING",
                "name": "instance-protection-launch",
                "notification_metadata": "{\"key\":\"value\"}",
                "notification_target_arn": "",
                "role_arn": ""
              }
            ],
            "instance_refresh": [],
            "launch_configuration": "",
            "launch_template": [
              {
                "id": "lt-07c97dd5bdf4cfe95",
                "name": "TG01-EC2-Template20250405025858662800000002",
                "version": "$Latest"
              }
            ],
            "load_balancers": [],
            "max_instance_lifetime": 0,
            "max_size": 6,
            "metrics_granularity": "1Minute",
            "min_elb_capacity": null,
            "min_size": 3,
            "mixed_instances_policy": [],
            "name": "ASG01",
            "name_prefix": "",
            "placement_group": "",
            "protect_from_scale_in": false,
            "service_linked_role_arn": "arn:aws:iam::866340886126:role/aws-service-role/autoscaling.amazonaws.com/AWSServiceRoleForAutoScaling",
            "suspended_processes": [],
            "tag": [
              {
                "key": "Name",
                "propagate_at_launch": true,
                "value": "ASG01"
              }
            ],
            "tags": null,
            "target_group_arns": [
              "arn:aws:elasticloadbalancing:us-east-1:866340886126:targetgroup/ASG01-TG01/ac90684359f00e94"
            ],
            "termination_policies": [],
            "timeouts": null,
            "vpc_zone_identifier": [
              "subnet-04b7249ce8f6e36b5",
              "subnet-07801c5e143656194",
              "subnet-07c951723e8d3f405"
            ],
            "wait_for_capacity_timeout": "10m",
            "wait_for_elb_capacity": null,
            "warm_pool": []
          },
          "sensitive_attributes": [],
          "private": "eyJlMmJmYjczMC1lY2FhLTExZTYtOGY4OC0zNDM2M2JjN2M0YzAiOnsiZGVsZXRlIjo2MDAwMDAwMDAwMDB9fQ==",
          "dependencies": [
            "aws_launch_template.TG01-EC2-Template",
            "aws_lb_target_group.ASG01-TG01",
            "aws_security_group.ASG01-TG01",
            "aws_subnet.private-us-east-1a",
            "aws_subnet.private-us-east-1b",
            "aws_subnet.private-us-east-1c",
            "aws_vpc.ASG01-vpc"
          ]
        }
      ]
    },
    {
      "mode": "managed",
      "type": "aws_autoscaling_group",
      "name": "ASG02",
      "provider": "provider[\"registry.terraform.io/hashicorp/aws\"]",
      "instances": [
        {
          "schema_version": 0,
          "attributes": {
            "arn": "arn:aws:autoscaling:us-east-1:866340886126:autoScalingGroup:595cebb5-1d32-4b00-8b81-1bae7b90bd71:autoScalingGroupName/ASG02",
            "availability_zones": [
              "us-east-1a",
              "us-east-1b",
              "us-east-1c"
            ],
            "capacity_rebalance": false,
            "default_cooldown": 300,
            "desired_capacity": 3,
            "enabled_metrics": [
              "GroupDesiredCapacity",
              "GroupInServiceInstances",
              "GroupMaxSize",
              "GroupMinSize",
              "GroupTotalInstances"
            ],
            "force_delete": true,
            "force_delete_warm_pool": false,
            "health_check_grace_period": 300,
            "health_check_type": "ELB",
            "id": "ASG02",
            "initial_lifecycle_hook": [
              {
                "default_result": "CONTINUE",
                "heartbeat_timeout": 300,
                "lifecycle_transition": "autoscaling:EC2_INSTANCE_TERMINATING",
                "name": "scale-in-protection",
                "notification_metadata": "",
                "notification_target_arn": "",
                "role_arn": ""
              },
              {
                "default_result": "CONTINUE",
                "heartbeat_timeout": 60,
                "lifecycle_transition": "autoscaling:EC2_INSTANCE_LAUNCHING",
                "name": "instance-protection-launch",
                "notification_metadata": "{\"key\":\"value\"}",
                "notification_target_arn": "",
                "role_arn": ""
              }
            ],
            "instance_refresh": [],
            "launch_configuration": "",
            "launch_template": [
              {
                "id": "lt-0bfc52105248eed8d",
                "name": "MultiApp-443-Template20250405025858662800000001",
                "version": "$Latest"
              }
            ],
            "load_balancers": [],
            "max_instance_lifetime": 0,
            "max_size": 6,
            "metrics_granularity": "1Minute",
            "min_elb_capacity": null,
            "min_size": 3,
            "mixed_instances_policy": [],
            "name": "ASG02",
            "name_prefix": "",
            "placement_group": "",
            "protect_from_scale_in": false,
            "service_linked_role_arn": "arn:aws:iam::866340886126:role/aws-service-role/autoscaling.amazonaws.com/AWSServiceRoleForAutoScaling",
            "suspended_processes": [],
            "tag": [
              {
                "key": "Name",
                "propagate_at_launch": true,
                "value": "ASG02"
              }
            ],
            "tags": null,
            "target_group_arns": [
              "arn:aws:elasticloadbalancing:us-east-1:866340886126:targetgroup/ASG01-TG02/ec081b6f18ec11be"
            ],
            "termination_policies": [],
            "timeouts": null,
            "vpc_zone_identifier": [
              "subnet-04b7249ce8f6e36b5",
              "subnet-07801c5e143656194",
              "subnet-07c951723e8d3f405"
            ],
            "wait_for_capacity_timeout": "10m",
            "wait_for_elb_capacity": null,
            "warm_pool": []
          },
          "sensitive_attributes": [],
          "private": "eyJlMmJmYjczMC1lY2FhLTExZTYtOGY4OC0zNDM2M2JjN2M0YzAiOnsiZGVsZXRlIjo2MDAwMDAwMDAwMDB9fQ==",
          "dependencies": [
            "aws_launch_template.MultiApp-443-Template",
            "aws_lb_target_group.ASG01-TG02",
            "aws_security_group.ASG01_TG02",
            "aws_subnet.private-us-east-1a",
            "aws_subnet.private-us-east-1b",
            "aws_subnet.private-us-east-1c",
            "aws_vpc.ASG01-vpc"
          ]
        }
      ]
    },
    {
      "mode": "managed",
      "type": "aws_launch_template",
      "name": "MultiApp-443-Template",
      "provider": "provider[\"registry.terraform.io/hashicorp/aws\"]",
      "instances": [
        {
          "schema_version": 0,
          "attributes": {
            "arn": "arn:aws:ec2:us-east-1:866340886126:launch-template/lt-0bfc52105248eed8d",
            "block_device_mappings": [],
            "capacity_reservation_specification": [],
            "cpu_options": [],
            "credit_specification": [],
            "default_version": 1,
            "description": "MultiApp-443-Template",
            "disable_api_termination": false,
            "ebs_optimized": "",
            "elastic_gpu_specifications": [],
            "elastic_inference_accelerator": [],
            "enclave_options": [],
            "hibernation_options": [],
            "iam_instance_profile": [],
            "id": "lt-0bfc52105248eed8d",
            "image_id": "ami-06b21ccaeff8cd686",
            "instance_initiated_shutdown_behavior": "",
            "instance_market_options": [],
            "instance_type": "t2.micro",
            "kernel_id": "",
            "key_name": "basiclinux",
            "latest_version": 1,
            "license_specification": [],
            "metadata_options": [],
            "monitoring": [],
            "name": "MultiApp-443-Template20250405025858662800000001",
            "name_prefix": "MultiApp-443-Template",
            "network_interfaces": [],
            "placement": [],
            "ram_disk_id": "",
            "security_group_names": [],
            "tag_specifications": [],
            "tags": {
              "Name": "MultiApp-443-Template"
            },
            "tags_all": {
              "Name": "MultiApp-443-Template"
            },
            "update_default_version": null,
            "user_data": "IyEvYmluL2Jhc2gKIyBVc2UgdGhpcyBmb3IgeW91ciB1c2VyIGRhdGEgKHNjcmlwdCBmcm9tIHRvcCB0byBib3R0b20pCiMgaW5zdGFsbCBodHRwZCAoTGludXggMiB2ZXJzaW9uKQp5dW0gdXBkYXRlIC15Cnl1bSBpbnN0YWxsIC15IGh0dHBkCnN5c3RlbWN0bCBzdGFydCBodHRwZApzeXN0ZW1jdGwgZW5hYmxlIGh0dHBkCgojIEdldCB0aGUgSU1EU3YyIHRva2VuClRPS0VOPSQoY3VybCAtWCBQVVQgImh0dHA6Ly8xNjkuMjU0LjE2OS4yNTQvbGF0ZXN0L2FwaS90b2tlbiIgLUggIlgtYXdzLWVjMi1tZXRhZGF0YS10b2tlbi10dGwtc2Vjb25kczogMjE2MDAiKQoKIyBCYWNrZ3JvdW5kIHRoZSBjdXJsIHJlcXVlc3RzCmN1cmwgLUggIlgtYXdzLWVjMi1tZXRhZGF0YS10b2tlbjogJFRPS0VOIiAtcyBodHRwOi8vMTY5LjI1NC4xNjkuMjU0L2xhdGVzdC9tZXRhLWRhdGEvbG9jYWwtaXB2NCAmPiAvdG1wL2xvY2FsX2lwdjQgJgpjdXJsIC1IICJYLWF3cy1lYzItbWV0YWRhdGEtdG9rZW46ICRUT0tFTiIgLXMgaHR0cDovLzE2OS4yNTQuMTY5LjI1NC9sYXRlc3QvbWV0YS1kYXRhL3BsYWNlbWVudC9hdmFpbGFiaWxpdHktem9uZSAmPiAvdG1wL2F6ICYKY3VybCAtSCAiWC1hd3MtZWMyLW1ldGFkYXRhLXRva2VuOiAkVE9LRU4iIC1zIGh0dHA6Ly8xNjkuMjU0LjE2OS4yNTQvbGF0ZXN0L21ldGEtZGF0YS9uZXR3b3JrL2ludGVyZmFjZXMvbWFjcy8gJj4gL3RtcC9tYWNpZCAmCndhaXQKCm1hY2lkPSQoY2F0IC90bXAvbWFjaWQpCmxvY2FsX2lwdjQ9JChjYXQgL3RtcC9sb2NhbF9pcHY0KQphej0kKGNhdCAvdG1wL2F6KQp2cGM9JChjdXJsIC1IICJYLWF3cy1lYzItbWV0YWRhdGEtdG9rZW46ICRUT0tFTiIgLXMgaHR0cDovLzE2OS4yNTQuMTY5LjI1NC9sYXRlc3QvbWV0YS1kYXRhL25ldHdvcmsvaW50ZXJmYWNlcy9tYWNzLyR7bWFjaWR9L3ZwYy1pZCkKCmVjaG8gIgo8IWRvY3R5cGUgaHRtbD4KPGh0bWwgbGFuZz0iZW4iIGNsYXNzPSJoLTEwMCI+CjxoZWFkPgo8dGl0bGU+RGV0YWlscyBmb3IgRUMyIGluc3RhbmNlPC90aXRsZT4KPGJvZHkgYmFja2dyb3VuZD1odHRwczovL2ltYWdlcy51bnNwbGFzaC5jb20vcGhvdG8tMTQ3ODQzNjEyNzg5Ny03NjllMWIzZjBmMzY/cT04MCZ3PTIwNzAmYXV0bz1mb3JtYXQmZml0PWNyb3AmaXhsaWI9cmItNC4wLjMmaXhpZD1NM3d4TWpBM2ZEQjhNSHh3YUc5MGJ5MXdZV2RsZkh4OGZHVnVmREI4Zkh4OGZBJTNEJTNEPgo8L2hlYWQ+CjxkaXY+Cjxmb250IGNvbG9yPSJmZmZmZmYiPgo8aDE+Q2xhc3MgNiBpcyBTZWN1cmU8L2gxPgo8aDE+SW4gU291dGhlYXN0IEFzaWEgd2l0aCB0aGVzZSBCZWF1dGllczwvaDE+CjwvZm9udD4KPGJyPgo8dGFibGUgd2lkdGg9MTAwJT4KPHRyPgo8dGQgd2lkdGg9MTAwJSBhbGlnbj0ibGVmdCI+CjxpbWcgc3JjPSJodHRwczovL2Nkbi5jb2NvbnV0cy5jby9jb2NvbnV0cy93cC1jb250ZW50L3VwbG9hZHMvMjAxOS8wOS8yNDg3OTc0NF8xMDIwODgyODI3MDczODc4NV80OTA2MjY5NjU4MjQ2NTE1NjEwX28uanBnIiBhbHQ9IlRoYWkgTW9kZWxzIiB3aWR0aD0iNTAlIiBoZWlnaHQ9IjUwJSI+CjwvdGQ+CjwvdHI+Cjx0cj4KPHRkIHdpZHRoPTEwMCUgYWxpZ249ImxlZnQiPgo8aW1nIHNyYz0iaHR0cHM6Ly9pLmltZ3VyLmNvbS92aHBqUERyLmpwZWciIGFsdD0iU2V4eSBKYXBhbmVzZSBMYWRpZXMiIHdpZHRoPSI1MCUiIGhlaWdodD0iNTAlIj4KPC90ZD4KPC90cj4KPC90YWJsZT4KPGJyPgo8Zm9udCBjb2xvcj0iZmZmZmZmIiBzaXplPSI1Ij4KPHA+PGI+SW5zdGFuY2UgTmFtZTo8L2I+ICQoaG9zdG5hbWUgLWYpPC9wPgo8cD48Yj5JbnN0YW5jZSBQcml2YXRlIElwIEFkZHJlc3M6PC9iPiAke2xvY2FsX2lwdjR9PC9wPgo8cD48Yj5BdmFpbGFiaWxpdHkgWm9uZTo8L2I+ICR7YXp9PC9wPgo8cD48Yj5WaXJ0dWFsIFByaXZhdGUgQ2xvdWQgKFZQQyk6PC9iPiAke3ZwY308L3A+CjwvZm9udD4KPC9kaXY+CjwvYm9keT4KPC9odG1sPgoiID4gL3Zhci93d3cvaHRtbC9pbmRleC5odG1sCgojIENsZWFuIHVwIHRoZSB0ZW1wIGZpbGVzCnJtIC1mIC90bXAvbG9jYWxfaXB2NCAvdG1wL2F6IC90bXAvbWFjaWQ=",
            "vpc_security_group_ids": [
              "sg-060f7f08ad01a40d1"
            ]
          },
          "sensitive_attributes": [],
          "private": "bnVsbA==",
          "dependencies": [
            "aws_security_group.ASG01_TG02",
            "aws_vpc.ASG01-vpc"
          ],
          "create_before_destroy": true
        }
      ]
    },
    {
      "mode": "managed",
      "type": "aws_launch_template",
      "name": "TG01-EC2-Template",
      "provider": "provider[\"registry.terraform.io/hashicorp/aws\"]",
      "instances": [
        {
          "schema_version": 0,
          "attributes": {
            "arn": "arn:aws:ec2:us-east-1:866340886126:launch-template/lt-07c97dd5bdf4cfe95",
            "block_device_mappings": [],
            "capacity_reservation_specification": [],
            "cpu_options": [],
            "credit_specification": [],
            "default_version": 1,
            "description": "TG01-EC2-Template",
            "disable_api_termination": false,
            "ebs_optimized": "",
            "elastic_gpu_specifications": [],
            "elastic_inference_accelerator": [],
            "enclave_options": [],
            "hibernation_options": [],
            "iam_instance_profile": [],
            "id": "lt-07c97dd5bdf4cfe95",
            "image_id": "ami-06b21ccaeff8cd686",
            "instance_initiated_shutdown_behavior": "",
            "instance_market_options": [],
            "instance_type": "t2.micro",
            "kernel_id": "",
            "key_name": "basiclinux",
            "latest_version": 1,
            "license_specification": [],
            "metadata_options": [],
            "monitoring": [],
            "name": "TG01-EC2-Template20250405025858662800000002",
            "name_prefix": "TG01-EC2-Template",
            "network_interfaces": [],
            "placement": [],
            "ram_disk_id": "",
            "security_group_names": [],
            "tag_specifications": [],
            "tags": {
              "Name": "TG01-EC2-Template"
            },
            "tags_all": {
              "Name": "TG01-EC2-Template"
            },
            "update_default_version": null,
            "user_data": "IyEvYmluL2Jhc2gKIyBVc2UgdGhpcyBmb3IgeW91ciB1c2VyIGRhdGEgKHNjcmlwdCBmcm9tIHRvcCB0byBib3R0b20pCiMgaW5zdGFsbCBodHRwZCAoTGludXggMiB2ZXJzaW9uKQp5dW0gdXBkYXRlIC15Cnl1bSBpbnN0YWxsIC15IGh0dHBkCnN5c3RlbWN0bCBzdGFydCBodHRwZApzeXN0ZW1jdGwgZW5hYmxlIGh0dHBkCgojIEdldCB0aGUgSU1EU3YyIHRva2VuClRPS0VOPSQoY3VybCAtWCBQVVQgImh0dHA6Ly8xNjkuMjU0LjE2OS4yNTQvbGF0ZXN0L2FwaS90b2tlbiIgLUggIlgtYXdzLWVjMi1tZXRhZGF0YS10b2tlbi10dGwtc2Vjb25kczogMjE2MDAiKQoKIyBCYWNrZ3JvdW5kIHRoZSBjdXJsIHJlcXVlc3RzCmN1cmwgLUggIlgtYXdzLWVjMi1tZXRhZGF0YS10b2tlbjogJFRPS0VOIiAtcyBodHRwOi8vMTY5LjI1NC4xNjkuMjU0L2xhdGVzdC9tZXRhLWRhdGEvbG9jYWwtaXB2NCAmPiAvdG1wL2xvY2FsX2lwdjQgJgpjdXJsIC1IICJYLWF3cy1lYzItbWV0YWRhdGEtdG9rZW46ICRUT0tFTiIgLXMgaHR0cDovLzE2OS4yNTQuMTY5LjI1NC9sYXRlc3QvbWV0YS1kYXRhL3BsYWNlbWVudC9hdmFpbGFiaWxpdHktem9uZSAmPiAvdG1wL2F6ICYKY3VybCAtSCAiWC1hd3MtZWMyLW1ldGFkYXRhLXRva2VuOiAkVE9LRU4iIC1zIGh0dHA6Ly8xNjkuMjU0LjE2OS4yNTQvbGF0ZXN0L21ldGEtZGF0YS9uZXR3b3JrL2ludGVyZmFjZXMvbWFjcy8gJj4gL3RtcC9tYWNpZCAmCndhaXQKCm1hY2lkPSQoY2F0IC90bXAvbWFjaWQpCmxvY2FsX2lwdjQ9JChjYXQgL3RtcC9sb2NhbF9pcHY0KQphej0kKGNhdCAvdG1wL2F6KQp2cGM9JChjdXJsIC1IICJYLWF3cy1lYzItbWV0YWRhdGEtdG9rZW46ICRUT0tFTiIgLXMgaHR0cDovLzE2OS4yNTQuMTY5LjI1NC9sYXRlc3QvbWV0YS1kYXRhL25ldHdvcmsvaW50ZXJmYWNlcy9tYWNzLyR7bWFjaWR9L3ZwYy1pZCkKCmVjaG8gIgo8IWRvY3R5cGUgaHRtbD4KPGh0bWwgbGFuZz0iZW4iIGNsYXNzPSJoLTEwMCI+CjxoZWFkPgo8dGl0bGU+RGV0YWlscyBmb3IgRUMyIGluc3RhbmNlPC90aXRsZT4KPGJvZHkgYmFja2dyb3VuZD1odHRwczovL2ltZy5mcmVlcGlrLmNvbS9wcmVtaXVtLXBob3RvL2ZsYWctd2FsbHBhcGVyLWJyYXppbF82NzAzODItMzUyODMuanBnPgo8L2hlYWQ+CjxkaXY+Cjxmb250IGNvbG9yPSJmZmZmZmYiPgo8aDE+QVdTIEluc3RhbmNlIERldGFpbHM8L2gxPgo8aDE+VGhlbydzIEJyYXppbGlhbiBCbG9uZGVzPC9oMT4KPC9mb250Pgo8YnI+Cjx0YWJsZSB3aWR0aD0xMDAlPgo8dHI+Cjx0ZCB3aWR0aD0xMDAlIGFsaWduPSJsZWZ0Ij4KPGltZyBzcmM9Imh0dHBzOi8vd3d3LnNhbmNsZXJmcmFudHouY29tLmJyL2V4dHJhbmV0L2dhbGxlcnkvNTAuanBnIiBhbHQ9IlNhbXVyYWkgS2F0YW5hIiB3aWR0aD0iNDAlIiBoZWlnaHQ9IjQwJSI+CjwvdGQ+CjwvdHI+CjwvdGFibGU+Cjxicj4KPGZvbnQgY29sb3I9ImZmZmZmZiIgc2l6ZT0iNSI+CjxwPjxiPkluc3RhbmNlIE5hbWU6PC9iPiAkKGhvc3RuYW1lIC1mKTwvcD4KPHA+PGI+SW5zdGFuY2UgUHJpdmF0ZSBJcCBBZGRyZXNzOjwvYj4gJHtsb2NhbF9pcHY0fTwvcD4KPHA+PGI+QXZhaWxhYmlsaXR5IFpvbmU6PC9iPiAke2F6fTwvcD4KPHA+PGI+VmlydHVhbCBQcml2YXRlIENsb3VkIChWUEMpOjwvYj4gJHt2cGN9PC9wPgo8L2ZvbnQ+CjwvZGl2Pgo8L2JvZHk+CjwvaHRtbD4KIiA+IC92YXIvd3d3L2h0bWwvaW5kZXguaHRtbAoKIyBDbGVhbiB1cCB0aGUgdGVtcCBmaWxlcwpybSAtZiAvdG1wL2xvY2FsX2lwdjQgL3RtcC9heiAvdG1wL21hY2lk",
            "vpc_security_group_ids": [
              "sg-0c099ca1ce93293a3"
            ]
          },
          "sensitive_attributes": [],
          "private": "bnVsbA==",
          "dependencies": [
            "aws_security_group.ASG01-TG01",
            "aws_vpc.ASG01-vpc"
          ],
          "create_before_destroy": true
        }
      ]
    },
    {
      "mode": "managed",
      "type": "aws_lb_target_group",
      "name": "ASG01-TG01",
      "provider": "provider[\"registry.terraform.io/hashicorp/aws\"]",
      "instances": [
        {
          "schema_version": 0,
          "attributes": {
            "arn": "arn:aws:elasticloadbalancing:us-east-1:866340886126:targetgroup/ASG01-TG01/ac90684359f00e94",
            "arn_suffix": "targetgroup/ASG01-TG01/ac90684359f00e94",
            "connection_termination": false,
            "deregistration_delay": "300",
            "health_check": [
              {
                "enabled": true,
                "healthy_threshold": 5,
                "interval": 30,
                "matcher": "200",
                "path": "/",
                "port": "traffic-port",
                "protocol": "HTTP",
                "timeout": 5,
                "unhealthy_threshold": 2
              }
            ],
            "id": "arn:aws:elasticloadbalancing:us-east-1:866340886126:targetgroup/ASG01-TG01/ac90684359f00e94",
            "lambda_multi_value_headers_enabled": false,
            "load_balancing_algorithm_type": "round_robin",
            "name": "ASG01-TG01",
            "name_prefix": null,
            "port": 80,
            "preserve_client_ip": null,
            "protocol": "HTTP",
            "protocol_version": "HTTP1",
            "proxy_protocol_v2": false,
            "slow_start": 0,
            "stickiness": [
              {
                "cookie_duration": 86400,
                "cookie_name": "",
                "enabled": false,
                "type": "lb_cookie"
              }
            ],
            "tags": {
              "Name": "ASG01-TG01"
            },
            "tags_all": {
              "Name": "ASG01-TG01"
            },
            "target_type": "instance",
            "vpc_id": "vpc-08e967959140b86b5"
          },
          "sensitive_attributes": [],
          "private": "bnVsbA==",
          "dependencies": [
            "aws_vpc.ASG01-vpc"
          ]
        }
      ]
    },
    {
      "mode": "managed",
      "type": "aws_lb_target_group",
      "name": "ASG01-TG02",
      "provider": "provider[\"registry.terraform.io/hashicorp/aws\"]",
      "instances": [
        {
          "schema_version": 0,
          "attributes": {
            "arn": "arn:aws:elasticloadbalancing:us-east-1:866340886126:targetgroup/ASG01-TG02/ec081b6f18ec11be",
            "arn_suffix": "targetgroup/ASG01-TG02/ec081b6f18ec11be",
            "connection_termination": false,
            "deregistration_delay": "300",
            "health_check": [
              {
                "enabled": true,
                "healthy_threshold": 5,
                "interval": 30,
                "matcher": "200",
                "path": "/",
                "port": "traffic-port",
                "protocol": "HTTP",
                "timeout": 5,
                "unhealthy_threshold": 2
              }
            ],
            "id": "arn:aws:elasticloadbalancing:us-east-1:866340886126:targetgroup/ASG01-TG02/ec081b6f18ec11be",
            "lambda_multi_value_headers_enabled": false,
            "load_balancing_algorithm_type": "round_robin",
            "name": "ASG01-TG02",
            "name_prefix": null,
            "port": 80,
            "preserve_client_ip": null,
            "protocol": "HTTP",
            "protocol_version": "HTTP1",
            "proxy_protocol_v2": false,
            "slow_start": 0,
            "stickiness": [
              {
                "cookie_duration": 86400,
                "cookie_name": "",
                "enabled": false,
                "type": "lb_cookie"
              }
            ],
            "tags": {
              "Name": "ASG01-TG02"
            },
            "tags_all": {
              "Name": "ASG01-TG02"
            },
            "target_type": "instance",
            "vpc_id": "vpc-08e967959140b86b5"
          },
          "sensitive_attributes": [],
          "private": "bnVsbA==",
          "dependencies": [
            "aws_vpc.ASG01-vpc"
          ]
        }
      ]
    },
    {
      "mode": "managed",
      "type": "aws_security_group",
      "name": "ASG01-TG01",
      "provider": "provider[\"registry.terraform.io/hashicorp/aws\"]",
      "instances": [
        {
          "schema_version": 1,
          "attributes": {
            "arn": "arn:aws:ec2:us-east-1:866340886126:security-group/sg-0c099ca1ce93293a3",
            "description": "ASG01-TG01",
            "egress": [
              {
                "cidr_blocks": [
                  "0.0.0.0/0"
                ],
                "description": "",
                "from_port": 0,
                "ipv6_cidr_blocks": [],
                "prefix_list_ids": [],
                "protocol": "-1",
                "security_groups": [],
                "self": false,
                "to_port": 0
              }
            ],
            "id": "sg-0c099ca1ce93293a3",
            "ingress": [
              {
                "cidr_blocks": [
                  "0.0.0.0/0"
                ],
                "description": "",
                "from_port": 80,
                "ipv6_cidr_blocks": [],
                "prefix_list_ids": [],
                "protocol": "tcp",
                "security_groups": [],
                "self": false,
                "to_port": 80
              }
            ],
            "name": "ASG01-TG01",
            "name_prefix": "",
            "owner_id": "866340886126",
            "revoke_rules_on_delete": false,
            "tags": {
              "Name": "ASG01-TG01",
              "Source": "TargetGroup-SG01"
            },
            "tags_all": {
              "Name": "ASG01-TG01",
              "Source": "TargetGroup-SG01"
            },
            "timeouts": null,
            "vpc_id": "vpc-08e967959140b86b5"
          },
          "sensitive_attributes": [],
          "private": "eyJlMmJmYjczMC1lY2FhLTExZTYtOGY4OC0zNDM2M2JjN2M0YzAiOnsiY3JlYXRlIjo2MDAwMDAwMDAwMDAsImRlbGV0ZSI6OTAwMDAwMDAwMDAwfSwic2NoZW1hX3ZlcnNpb24iOiIxIn0=",
          "dependencies": [
            "aws_vpc.ASG01-vpc"
          ],
          "create_before_destroy": true
        }
      ]
    },
    {
      "mode": "managed",
      "type": "aws_security_group",
      "name": "ASG01_TG02",
      "provider": "provider[\"registry.terraform.io/hashicorp/aws\"]",
      "instances": [
        {
          "schema_version": 1,
          "attributes": {
            "arn": "arn:aws:ec2:us-east-1:866340886126:security-group/sg-060f7f08ad01a40d1",
            "description": "ASG01_TG02",
            "egress": [
              {
                "cidr_blocks": [
                  "0.0.0.0/0"
                ],
                "description": "",
                "from_port": 0,
                "ipv6_cidr_blocks": [],
                "prefix_list_ids": [],
                "protocol": "-1",
                "security_groups": [],
                "self": false,
                "to_port": 0
              }
            ],
            "id": "sg-060f7f08ad01a40d1",
            "ingress": [
              {
                "cidr_blocks": [
                  "0.0.0.0/0"
                ],
                "description": "",
                "from_port": 80,
                "ipv6_cidr_blocks": [],
                "prefix_list_ids": [],
                "protocol": "tcp",
                "security_groups": [],
                "self": false,
                "to_port": 80
              }
            ],
            "name": "ASG01_TG02",
            "name_prefix": "",
            "owner_id": "866340886126",
            "revoke_rules_on_delete": false,
            "tags": {
              "Name": "ASG01-TG02",
              "Source": "TargetGroup-SG02"
            },
            "tags_all": {
              "Name": "ASG01-TG02",
              "Source": "TargetGroup-SG02"
            },
            "timeouts": null,
            "vpc_id": "vpc-08e967959140b86b5"
          },
          "sensitive_attributes": [],
          "private": "eyJlMmJmYjczMC1lY2FhLTExZTYtOGY4OC0zNDM2M2JjN2M0YzAiOnsiY3JlYXRlIjo2MDAwMDAwMDAwMDAsImRlbGV0ZSI6OTAwMDAwMDAwMDAwfSwic2NoZW1hX3ZlcnNpb24iOiIxIn0=",
          "dependencies": [
            "aws_vpc.ASG01-vpc"
          ],
          "create_before_destroy": true
        }
      ]
    },
    {
      "mode": "managed",
      "type": "aws_subnet",
      "name": "private-us-east-1a",
      "provider": "provider[\"registry.terraform.io/hashicorp/aws\"]",
      "instances": [
        {
          "schema_version": 1,
          "attributes": {
            "arn": "arn:aws:ec2:us-east-1:866340886126:subnet/subnet-04b7249ce8f6e36b5",
            "assign_ipv6_address_on_creation": false,
            "availability_zone": "us-east-1a",
            "availability_zone_id": "use1-az4",
            "cidr_block": "10.230.11.0/24",
            "customer_owned_ipv4_pool": "",
            "enable_dns64": false,
            "enable_resource_name_dns_a_record_on_launch": false,
            "enable_resource_name_dns_aaaa_record_on_launch": false,
            "id": "subnet-04b7249ce8f6e36b5",
            "ipv6_cidr_block": "",
            "ipv6_cidr_block_association_id": "",
            "ipv6_native": false,
            "map_customer_owned_ip_on_launch": false,
            "map_public_ip_on_launch": false,
            "outpost_arn": "",
            "owner_id": "866340886126",
            "private_dns_hostname_type_on_launch": "ip-name",
            "tags": {
              "Location": "N. Virginia",
              "Name": "private-us-east-1a",
              "Owner": "TIQS",
              "Service": "Subnet"
            },
            "tags_all": {
              "Location": "N. Virginia",
              "Name": "private-us-east-1a",
              "Owner": "TIQS",
              "Service": "Subnet"
            },
            "timeouts": null,
            "vpc_id": "vpc-08e967959140b86b5"
          },
          "sensitive_attributes": [],
          "private": "eyJlMmJmYjczMC1lY2FhLTExZTYtOGY4OC0zNDM2M2JjN2M0YzAiOnsiY3JlYXRlIjo2MDAwMDAwMDAwMDAsImRlbGV0ZSI6MTIwMDAwMDAwMDAwMH0sInNjaGVtYV92ZXJzaW9uIjoiMSJ9",
          "dependencies": [
            "aws_vpc.ASG01-vpc"
          ]
        }
      ]
    },
    {
      "mode": "managed",
      "type": "aws_subnet",
      "name": "private-us-east-1b",
      "provider": "provider[\"registry.terraform.io/hashicorp/aws\"]",
      "instances": [
        {
          "schema_version": 1,
          "attributes": {
            "arn": "arn:aws:ec2:us-east-1:866340886126:subnet/subnet-07801c5e143656194",
            "assign_ipv6_address_on_creation": false,
            "availability_zone": "us-east-1b",
            "availability_zone_id": "use1-az6",
            "cidr_block": "10.230.12.0/24",
            "customer_owned_ipv4_pool": "",
            "enable_dns64": false,
            "enable_resource_name_dns_a_record_on_launch": false,
            "enable_resource_name_dns_aaaa_record_on_launch": false,
            "id": "subnet-07801c5e143656194",
            "ipv6_cidr_block": "",
            "ipv6_cidr_block_association_id": "",
            "ipv6_native": false,
            "map_customer_owned_ip_on_launch": false,
            "map_public_ip_on_launch": false,
            "outpost_arn": "",
            "owner_id": "866340886126",
            "private_dns_hostname_type_on_launch": "ip-name",
            "tags": {
              "Location": "N. Virginia",
              "Name": "private-us-east-1b",
              "Owner": "TIQS",
              "Service": "Subnet"
            },
            "tags_all": {
              "Location": "N. Virginia",
              "Name": "private-us-east-1b",
              "Owner": "TIQS",
              "Service": "Subnet"
            },
            "timeouts": null,
            "vpc_id": "vpc-08e967959140b86b5"
          },
          "sensitive_attributes": [],
          "private": "eyJlMmJmYjczMC1lY2FhLTExZTYtOGY4OC0zNDM2M2JjN2M0YzAiOnsiY3JlYXRlIjo2MDAwMDAwMDAwMDAsImRlbGV0ZSI6MTIwMDAwMDAwMDAwMH0sInNjaGVtYV92ZXJzaW9uIjoiMSJ9",
          "dependencies": [
            "aws_vpc.ASG01-vpc"
          ]
        }
      ]
    },
    {
      "mode": "managed",
      "type": "aws_subnet",
      "name": "private-us-east-1c",
      "provider": "provider[\"registry.terraform.io/hashicorp/aws\"]",
      "instances": [
        {
          "schema_version": 1,
          "attributes": {
            "arn": "arn:aws:ec2:us-east-1:866340886126:subnet/subnet-07c951723e8d3f405",
            "assign_ipv6_address_on_creation": false,
            "availability_zone": "us-east-1c",
            "availability_zone_id": "use1-az1",
            "cidr_block": "10.230.13.0/24",
            "customer_owned_ipv4_pool": "",
            "enable_dns64": false,
            "enable_resource_name_dns_a_record_on_launch": false,
            "enable_resource_name_dns_aaaa_record_on_launch": false,
            "id": "subnet-07c951723e8d3f405",
            "ipv6_cidr_block": "",
            "ipv6_cidr_block_association_id": "",
            "ipv6_native": false,
            "map_customer_owned_ip_on_launch": false,
            "map_public_ip_on_launch": false,
            "outpost_arn": "",
            "owner_id": "866340886126",
            "private_dns_hostname_type_on_launch": "ip-name",
            "tags": {
              "Location": "N. Virginia",
              "Name": "private-us-east-1c",
              "Owner": "TIQS",
              "Service": "Subnet"
            },
            "tags_all": {
              "Location": "N. Virginia",
              "Name": "private-us-east-1c",
              "Owner": "TIQS",
              "Service": "Subnet"
            },
            "timeouts": null,
            "vpc_id": "vpc-08e967959140b86b5"
          },
          "sensitive_attributes": [],
          "private": "eyJlMmJmYjczMC1lY2FhLTExZTYtOGY4OC0zNDM2M2JjN2M0YzAiOnsiY3JlYXRlIjo2MDAwMDAwMDAwMDAsImRlbGV0ZSI6MTIwMDAwMDAwMDAwMH0sInNjaGVtYV92ZXJzaW9uIjoiMSJ9",
          "dependencies": [
            "aws_vpc.ASG01-vpc"
          ]
        }
      ]
    },
    {
      "mode": "managed",
      "type": "aws_vpc",
      "name": "ASG01-vpc",
      "provider": "provider[\"registry.terraform.io/hashicorp/aws\"]",
      "instances": [
        {
          "schema_version": 1,
          "attributes": {
            "arn": "arn:aws:ec2:us-east-1:866340886126:vpc/vpc-08e967959140b86b5",
            "assign_generated_ipv6_cidr_block": false,
            "cidr_block": "10.230.0.0/16",
            "default_network_acl_id": "acl-0a95419cf6905006d",
            "default_route_table_id": "rtb-010bee24a40699905",
            "default_security_group_id": "sg-06c0a6b3d6e174c3a",
            "dhcp_options_id": "dopt-06f049d704ea865d8",
            "enable_classiclink": false,
            "enable_classiclink_dns_support": false,
            "enable_dns_hostnames": true,
            "enable_dns_support": true,
            "id": "vpc-08e967959140b86b5",
            "instance_tenancy": "default",
            "ipv4_ipam_pool_id": null,
            "ipv4_netmask_length": null,
            "ipv6_association_id": "",
            "ipv6_cidr_block": "",
            "ipv6_cidr_block_network_border_group": "",
            "ipv6_ipam_pool_id": "",
            "ipv6_netmask_length": 0,
            "main_route_table_id": "rtb-010bee24a40699905",
            "owner_id": "866340886126",
            "tags": {
              "Name": "ASG01-vpc",
              "Owner": "TIQS",
              "Service": "VPC"
            },
            "tags_all": {
              "Name": "ASG01-vpc",
              "Owner": "TIQS",
              "Service": "VPC"
            }
          },
          "sensitive_attributes": [],
          "private": "eyJzY2hlbWFfdmVyc2lvbiI6IjEifQ==",
          "create_before_destroy": true
        }
      ]
    }
  ],
  "check_results": null
}
